
Microsoft Visual Studio Solution File, Format Version 12.00
# Visual Studio Version 17
VisualStudioVersion = 17.12.35527.113
MinimumVisualStudioVersion = 10.0.40219.1
Project("{FAE04EC0-301F-11D3-BF4B-00C04F79EFBC}") = "FuzzyMatch", "FuzzyMatch\FuzzyMatch.csproj", "{6777B61B-660E-41FA-A803-69B22D8B5FB7}"
EndProject
Project("{2150E333-8FDC-42A3-9474-1A3956D46DE8}") = "Solution Items", "Solution Items", "{4F73C5BA-0CE5-4730-8AE9-C604AF3A95D1}"
	ProjectSection(SolutionItems) = preProject
		.editorconfig = .editorconfig
	EndProjectSection
EndProject
Project("{FAE04EC0-301F-11D3-BF4B-00C04F79EFBC}") = "Sdl.Core.Globalization", "Sdl.Core.Globalization\Sdl.Core.Globalization.csproj", "{94EEE2C8-2673-4B10-A024-59CE35284060}"
EndProject
Project("{FAE04EC0-301F-11D3-BF4B-00C04F79EFBC}") = "Sdl.LanguagePlatform.Core", "Sdl.LanguagePlatform.Core\Sdl.LanguagePlatform.Core.csproj", "{ABB02D3B-4924-4F29-B13D-AC1E62696FC8}"
	ProjectSection(ProjectDependencies) = postProject
		{94EEE2C8-2673-4B10-A024-59CE35284060} = {94EEE2C8-2673-4B10-A024-59CE35284060}
	EndProjectSection
EndProject
Project("{FAE04EC0-301F-11D3-BF4B-00C04F79EFBC}") = "Sdl.Core.Api", "Sdl.Core.Api\Sdl.Core.Api.csproj", "{9A1BDD78-1A30-464D-A019-83B4FC5ED36D}"
EndProject
Project("{FAE04EC0-301F-11D3-BF4B-00C04F79EFBC}") = "Sdl.Core.Settings", "Sdl.Core.Settings\Sdl.Core.Settings.csproj", "{B9A1A97D-E8F6-4034-ACEE-164D62907021}"
	ProjectSection(ProjectDependencies) = postProject
		{94EEE2C8-2673-4B10-A024-59CE35284060} = {94EEE2C8-2673-4B10-A024-59CE35284060}
	EndProjectSection
EndProject
Project("{FAE04EC0-301F-11D3-BF4B-00C04F79EFBC}") = "Sdl.Core.PluginFramework.PackageSupport", "Sdl.Core.PluginFramework.PackageSupport\Sdl.Core.PluginFramework.PackageSupport.csproj", "{7F09162C-0D7A-430F-9D00-51414E30A089}"
EndProject
Project("{FAE04EC0-301F-11D3-BF4B-00C04F79EFBC}") = "Sdl.Core.PluginFramework", "Sdl.Core.PluginFramework\Sdl.Core.PluginFramework.csproj", "{732B3798-5E2C-4234-B228-1671E69639C1}"
	ProjectSection(ProjectDependencies) = postProject
		{7F09162C-0D7A-430F-9D00-51414E30A089} = {7F09162C-0D7A-430F-9D00-51414E30A089}
	EndProjectSection
EndProject
Project("{FAE04EC0-301F-11D3-BF4B-00C04F79EFBC}") = "Sdl.FileTypeSupport.Framework.Core.Settings", "Sdl.FileTypeSupport.Framework.Core.Settings\Sdl.FileTypeSupport.Framework.Core.Settings.csproj", "{D5A8143C-698B-4B8D-88B8-47CE92476DCE}"
	ProjectSection(ProjectDependencies) = postProject
		{732B3798-5E2C-4234-B228-1671E69639C1} = {732B3798-5E2C-4234-B228-1671E69639C1}
		{B9A1A97D-E8F6-4034-ACEE-164D62907021} = {B9A1A97D-E8F6-4034-ACEE-164D62907021}
	EndProjectSection
EndProject
Project("{FAE04EC0-301F-11D3-BF4B-00C04F79EFBC}") = "Sdl.FileTypeSupport.Framework.Core", "Sdl.FileTypeSupport.Framework.Core\Sdl.FileTypeSupport.Framework.Core.csproj", "{3D2F8EF7-A42B-4BE0-9355-4D5E82C47BF5}"
	ProjectSection(ProjectDependencies) = postProject
		{732B3798-5E2C-4234-B228-1671E69639C1} = {732B3798-5E2C-4234-B228-1671E69639C1}
		{94EEE2C8-2673-4B10-A024-59CE35284060} = {94EEE2C8-2673-4B10-A024-59CE35284060}
		{B9A1A97D-E8F6-4034-ACEE-164D62907021} = {B9A1A97D-E8F6-4034-ACEE-164D62907021}
		{D5A8143C-698B-4B8D-88B8-47CE92476DCE} = {D5A8143C-698B-4B8D-88B8-47CE92476DCE}
	EndProjectSection
EndProject
Project("{FAE04EC0-301F-11D3-BF4B-00C04F79EFBC}") = "Sdl.FileTypeSupport.Framework.Core.Utilities", "Sdl.FileTypeSupport.Framework.Core.Utilities\Sdl.FileTypeSupport.Framework.Core.Utilities.csproj", "{22E469DF-FF3C-4DA2-91D7-C1F402B095CA}"
	ProjectSection(ProjectDependencies) = postProject
		{3D2F8EF7-A42B-4BE0-9355-4D5E82C47BF5} = {3D2F8EF7-A42B-4BE0-9355-4D5E82C47BF5}
		{D5A8143C-698B-4B8D-88B8-47CE92476DCE} = {D5A8143C-698B-4B8D-88B8-47CE92476DCE}
	EndProjectSection
EndProject
Project("{FAE04EC0-301F-11D3-BF4B-00C04F79EFBC}") = "Sdl.Core.LanguageProcessing.ICU2", "Sdl.Core.LanguageProcessing.ICU2\Sdl.Core.LanguageProcessing.ICU2.csproj", "{59E89ACC-C474-4F67-A942-F1824634D9C4}"
EndProject
Project("{FAE04EC0-301F-11D3-BF4B-00C04F79EFBC}") = "Sdl.FileTypeSupport.Framework.Implementation", "Sdl.FileTypeSupport.Framework.Implementation\Sdl.FileTypeSupport.Framework.Implementation.csproj", "{675467F5-B1D3-4B88-A826-90A8FA65FF88}"
	ProjectSection(ProjectDependencies) = postProject
		{22E469DF-FF3C-4DA2-91D7-C1F402B095CA} = {22E469DF-FF3C-4DA2-91D7-C1F402B095CA}
		{3D2F8EF7-A42B-4BE0-9355-4D5E82C47BF5} = {3D2F8EF7-A42B-4BE0-9355-4D5E82C47BF5}
		{732B3798-5E2C-4234-B228-1671E69639C1} = {732B3798-5E2C-4234-B228-1671E69639C1}
		{94EEE2C8-2673-4B10-A024-59CE35284060} = {94EEE2C8-2673-4B10-A024-59CE35284060}
		{B9A1A97D-E8F6-4034-ACEE-164D62907021} = {B9A1A97D-E8F6-4034-ACEE-164D62907021}
		{D5A8143C-698B-4B8D-88B8-47CE92476DCE} = {D5A8143C-698B-4B8D-88B8-47CE92476DCE}
	EndProjectSection
EndProject
Project("{FAE04EC0-301F-11D3-BF4B-00C04F79EFBC}") = "Sdl.Core.LanguageProcessing", "Sdl.Core.LanguageProcessing\Sdl.Core.LanguageProcessing.csproj", "{AE93324E-1BA4-40F2-BF0B-756C1FC42C01}"
	ProjectSection(ProjectDependencies) = postProject
		{22E469DF-FF3C-4DA2-91D7-C1F402B095CA} = {22E469DF-FF3C-4DA2-91D7-C1F402B095CA}
		{3D2F8EF7-A42B-4BE0-9355-4D5E82C47BF5} = {3D2F8EF7-A42B-4BE0-9355-4D5E82C47BF5}
		{59E89ACC-C474-4F67-A942-F1824634D9C4} = {59E89ACC-C474-4F67-A942-F1824634D9C4}
		{675467F5-B1D3-4B88-A826-90A8FA65FF88} = {675467F5-B1D3-4B88-A826-90A8FA65FF88}
		{94EEE2C8-2673-4B10-A024-59CE35284060} = {94EEE2C8-2673-4B10-A024-59CE35284060}
		{ABB02D3B-4924-4F29-B13D-AC1E62696FC8} = {ABB02D3B-4924-4F29-B13D-AC1E62696FC8}
	EndProjectSection
EndProject
Project("{FAE04EC0-301F-11D3-BF4B-00C04F79EFBC}") = "Sdl.Core.LanguageProcessing.Stemmers", "Sdl.Core.LanguageProcessing.Stemmers\Sdl.Core.LanguageProcessing.Stemmers.csproj", "{71ECB17E-AAA8-483C-9956-BF30F208D596}"
EndProject
Project("{FAE04EC0-301F-11D3-BF4B-00C04F79EFBC}") = "Sdl.LanguagePlatform.Lingua", "Sdl.LanguagePlatform.Lingua\Sdl.LanguagePlatform.Lingua.csproj", "{AD4E7E48-9639-4E3A-B327-ABB50AA6F525}"
	ProjectSection(ProjectDependencies) = postProject
		{71ECB17E-AAA8-483C-9956-BF30F208D596} = {71ECB17E-AAA8-483C-9956-BF30F208D596}
		{ABB02D3B-4924-4F29-B13D-AC1E62696FC8} = {ABB02D3B-4924-4F29-B13D-AC1E62696FC8}
		{AE93324E-1BA4-40F2-BF0B-756C1FC42C01} = {AE93324E-1BA4-40F2-BF0B-756C1FC42C01}
	EndProjectSection
EndProject
Project("{FAE04EC0-301F-11D3-BF4B-00C04F79EFBC}") = "Sdl.Core.FineGrainedAlignment.Core", "Sdl.Core.FineGrainedAlignment.Core\Sdl.Core.FineGrainedAlignment.Core.csproj", "{CAAB255F-DA30-4615-AB66-2BA16C271AD1}"
	ProjectSection(ProjectDependencies) = postProject
		{ABB02D3B-4924-4F29-B13D-AC1E62696FC8} = {ABB02D3B-4924-4F29-B13D-AC1E62696FC8}
		{AE93324E-1BA4-40F2-BF0B-756C1FC42C01} = {AE93324E-1BA4-40F2-BF0B-756C1FC42C01}
	EndProjectSection
EndProject
Project("{FAE04EC0-301F-11D3-BF4B-00C04F79EFBC}") = "Sdl.LanguagePlatform.TranslationMemory", "Sdl.LanguagePlatform.TranslationMemory\Sdl.LanguagePlatform.TranslationMemory.csproj", "{97609707-AC19-4A2B-9C94-8A50EBBDFF95}"
	ProjectSection(ProjectDependencies) = postProject
		{3D2F8EF7-A42B-4BE0-9355-4D5E82C47BF5} = {3D2F8EF7-A42B-4BE0-9355-4D5E82C47BF5}
		{94EEE2C8-2673-4B10-A024-59CE35284060} = {94EEE2C8-2673-4B10-A024-59CE35284060}
		{ABB02D3B-4924-4F29-B13D-AC1E62696FC8} = {ABB02D3B-4924-4F29-B13D-AC1E62696FC8}
		{AE93324E-1BA4-40F2-BF0B-756C1FC42C01} = {AE93324E-1BA4-40F2-BF0B-756C1FC42C01}
		{CAAB255F-DA30-4615-AB66-2BA16C271AD1} = {CAAB255F-DA30-4615-AB66-2BA16C271AD1}
	EndProjectSection
EndProject
Project("{FAE04EC0-301F-11D3-BF4B-00C04F79EFBC}") = "Sdl.LanguagePlatform.IO", "Sdl.LanguagePlatform.IO\Sdl.LanguagePlatform.IO.csproj", "{FB6CA7C2-5FEC-4843-9A92-F15769083223}"
	ProjectSection(ProjectDependencies) = postProject
		{94EEE2C8-2673-4B10-A024-59CE35284060} = {94EEE2C8-2673-4B10-A024-59CE35284060}
		{97609707-AC19-4A2B-9C94-8A50EBBDFF95} = {97609707-AC19-4A2B-9C94-8A50EBBDFF95}
		{ABB02D3B-4924-4F29-B13D-AC1E62696FC8} = {ABB02D3B-4924-4F29-B13D-AC1E62696FC8}
		{AD4E7E48-9639-4E3A-B327-ABB50AA6F525} = {AD4E7E48-9639-4E3A-B327-ABB50AA6F525}
		{AE93324E-1BA4-40F2-BF0B-756C1FC42C01} = {AE93324E-1BA4-40F2-BF0B-756C1FC42C01}
	EndProjectSection
EndProject
Project("{FAE04EC0-301F-11D3-BF4B-00C04F79EFBC}") = "Sdl.LanguagePlatform.Stat", "Sdl.LanguagePlatform.Stat\Sdl.LanguagePlatform.Stat.csproj", "{F8492590-C93F-40DA-AB99-5A1E1245AEF8}"
	ProjectSection(ProjectDependencies) = postProject
		{ABB02D3B-4924-4F29-B13D-AC1E62696FC8} = {ABB02D3B-4924-4F29-B13D-AC1E62696FC8}
		{AD4E7E48-9639-4E3A-B327-ABB50AA6F525} = {AD4E7E48-9639-4E3A-B327-ABB50AA6F525}
		{AE93324E-1BA4-40F2-BF0B-756C1FC42C01} = {AE93324E-1BA4-40F2-BF0B-756C1FC42C01}
	EndProjectSection
EndProject
Project("{FAE04EC0-301F-11D3-BF4B-00C04F79EFBC}") = "Sdl.Core.FineGrainedAlignment", "Sdl.Core.FineGrainedAlignment\Sdl.Core.FineGrainedAlignment.csproj", "{B968761C-4C11-447A-AA7C-FC21E132F2C8}"
	ProjectSection(ProjectDependencies) = postProject
		{ABB02D3B-4924-4F29-B13D-AC1E62696FC8} = {ABB02D3B-4924-4F29-B13D-AC1E62696FC8}
		{AD4E7E48-9639-4E3A-B327-ABB50AA6F525} = {AD4E7E48-9639-4E3A-B327-ABB50AA6F525}
		{AE93324E-1BA4-40F2-BF0B-756C1FC42C01} = {AE93324E-1BA4-40F2-BF0B-756C1FC42C01}
		{CAAB255F-DA30-4615-AB66-2BA16C271AD1} = {CAAB255F-DA30-4615-AB66-2BA16C271AD1}
		{F8492590-C93F-40DA-AB99-5A1E1245AEF8} = {F8492590-C93F-40DA-AB99-5A1E1245AEF8}
	EndProjectSection
EndProject
Project("{FAE04EC0-301F-11D3-BF4B-00C04F79EFBC}") = "Sdl.LanguagePlatform.TranslationMemoryImpl", "Sdl.LanguagePlatform.TranslationMemoryImpl\Sdl.LanguagePlatform.TranslationMemoryImpl.csproj", "{1B9D3B74-0C71-40C5-B3CF-CF2282CA85EE}"
	ProjectSection(ProjectDependencies) = postProject
		{94EEE2C8-2673-4B10-A024-59CE35284060} = {94EEE2C8-2673-4B10-A024-59CE35284060}
		{97609707-AC19-4A2B-9C94-8A50EBBDFF95} = {97609707-AC19-4A2B-9C94-8A50EBBDFF95}
		{ABB02D3B-4924-4F29-B13D-AC1E62696FC8} = {ABB02D3B-4924-4F29-B13D-AC1E62696FC8}
		{AD4E7E48-9639-4E3A-B327-ABB50AA6F525} = {AD4E7E48-9639-4E3A-B327-ABB50AA6F525}
		{AE93324E-1BA4-40F2-BF0B-756C1FC42C01} = {AE93324E-1BA4-40F2-BF0B-756C1FC42C01}
		{B968761C-4C11-447A-AA7C-FC21E132F2C8} = {B968761C-4C11-447A-AA7C-FC21E132F2C8}
		{CAAB255F-DA30-4615-AB66-2BA16C271AD1} = {CAAB255F-DA30-4615-AB66-2BA16C271AD1}
	EndProjectSection
EndProject
Project("{FAE04EC0-301F-11D3-BF4B-00C04F79EFBC}") = "Sdl.LanguagePlatform.TranslationMemoryTools", "Sdl.LanguagePlatform.TranslationMemoryTools\Sdl.LanguagePlatform.TranslationMemoryTools.csproj", "{41BABCEC-0A4A-4BF6-8A95-54ACB507B8FE}"
	ProjectSection(ProjectDependencies) = postProject
		{1B9D3B74-0C71-40C5-B3CF-CF2282CA85EE} = {1B9D3B74-0C71-40C5-B3CF-CF2282CA85EE}
		{3D2F8EF7-A42B-4BE0-9355-4D5E82C47BF5} = {3D2F8EF7-A42B-4BE0-9355-4D5E82C47BF5}
		{675467F5-B1D3-4B88-A826-90A8FA65FF88} = {675467F5-B1D3-4B88-A826-90A8FA65FF88}
		{94EEE2C8-2673-4B10-A024-59CE35284060} = {94EEE2C8-2673-4B10-A024-59CE35284060}
		{97609707-AC19-4A2B-9C94-8A50EBBDFF95} = {97609707-AC19-4A2B-9C94-8A50EBBDFF95}
		{ABB02D3B-4924-4F29-B13D-AC1E62696FC8} = {ABB02D3B-4924-4F29-B13D-AC1E62696FC8}
		{AD4E7E48-9639-4E3A-B327-ABB50AA6F525} = {AD4E7E48-9639-4E3A-B327-ABB50AA6F525}
		{AE93324E-1BA4-40F2-BF0B-756C1FC42C01} = {AE93324E-1BA4-40F2-BF0B-756C1FC42C01}
		{F8492590-C93F-40DA-AB99-5A1E1245AEF8} = {F8492590-C93F-40DA-AB99-5A1E1245AEF8}
		{FB6CA7C2-5FEC-4843-9A92-F15769083223} = {FB6CA7C2-5FEC-4843-9A92-F15769083223}
	EndProjectSection
EndProject
Project("{FAE04EC0-301F-11D3-BF4B-00C04F79EFBC}") = "Sdl.Core.TM.ImportExport", "Sdl.Core.TM.ImportExport\Sdl.Core.TM.ImportExport.csproj", "{978E617E-0A66-404D-B40E-89CB02425D58}"
	ProjectSection(ProjectDependencies) = postProject
		{1B9D3B74-0C71-40C5-B3CF-CF2282CA85EE} = {1B9D3B74-0C71-40C5-B3CF-CF2282CA85EE}
		{22E469DF-FF3C-4DA2-91D7-C1F402B095CA} = {22E469DF-FF3C-4DA2-91D7-C1F402B095CA}
		{3D2F8EF7-A42B-4BE0-9355-4D5E82C47BF5} = {3D2F8EF7-A42B-4BE0-9355-4D5E82C47BF5}
		{41BABCEC-0A4A-4BF6-8A95-54ACB507B8FE} = {41BABCEC-0A4A-4BF6-8A95-54ACB507B8FE}
		{94EEE2C8-2673-4B10-A024-59CE35284060} = {94EEE2C8-2673-4B10-A024-59CE35284060}
		{97609707-AC19-4A2B-9C94-8A50EBBDFF95} = {97609707-AC19-4A2B-9C94-8A50EBBDFF95}
		{ABB02D3B-4924-4F29-B13D-AC1E62696FC8} = {ABB02D3B-4924-4F29-B13D-AC1E62696FC8}
		{FB6CA7C2-5FEC-4843-9A92-F15769083223} = {FB6CA7C2-5FEC-4843-9A92-F15769083223}
	EndProjectSection
EndProject
Project("{FAE04EC0-301F-11D3-BF4B-00C04F79EFBC}") = "Sdl.Core.Processing.Alignment.Common", "Sdl.Core.Processing.Alignment.Common\Sdl.Core.Processing.Alignment.Common.csproj", "{AC50BED8-F3DA-4399-BC0E-C8F43060BE31}"
	ProjectSection(ProjectDependencies) = postProject
		{ABB02D3B-4924-4F29-B13D-AC1E62696FC8} = {ABB02D3B-4924-4F29-B13D-AC1E62696FC8}
	EndProjectSection
EndProject
Project("{FAE04EC0-301F-11D3-BF4B-00C04F79EFBC}") = "Sdl.Core.Processing.Processors.Storage", "Sdl.Core.Processing.Processors.Storage\Sdl.Core.Processing.Processors.Storage.csproj", "{8D08FAD8-609A-4AA2-8632-8CBF2F92295A}"
	ProjectSection(ProjectDependencies) = postProject
		{3D2F8EF7-A42B-4BE0-9355-4D5E82C47BF5} = {3D2F8EF7-A42B-4BE0-9355-4D5E82C47BF5}
		{675467F5-B1D3-4B88-A826-90A8FA65FF88} = {675467F5-B1D3-4B88-A826-90A8FA65FF88}
	EndProjectSection
EndProject
Project("{FAE04EC0-301F-11D3-BF4B-00C04F79EFBC}") = "Sdl.Core.Processing.Alignment", "Sdl.Core.Processing.Alignment\Sdl.Core.Processing.Alignment.csproj", "{EBB3D14C-B471-4C9E-9BBB-83B115EB0991}"
	ProjectSection(ProjectDependencies) = postProject
		{22E469DF-FF3C-4DA2-91D7-C1F402B095CA} = {22E469DF-FF3C-4DA2-91D7-C1F402B095CA}
		{3D2F8EF7-A42B-4BE0-9355-4D5E82C47BF5} = {3D2F8EF7-A42B-4BE0-9355-4D5E82C47BF5}
		{41BABCEC-0A4A-4BF6-8A95-54ACB507B8FE} = {41BABCEC-0A4A-4BF6-8A95-54ACB507B8FE}
		{675467F5-B1D3-4B88-A826-90A8FA65FF88} = {675467F5-B1D3-4B88-A826-90A8FA65FF88}
		{8D08FAD8-609A-4AA2-8632-8CBF2F92295A} = {8D08FAD8-609A-4AA2-8632-8CBF2F92295A}
		{94EEE2C8-2673-4B10-A024-59CE35284060} = {94EEE2C8-2673-4B10-A024-59CE35284060}
		{97609707-AC19-4A2B-9C94-8A50EBBDFF95} = {97609707-AC19-4A2B-9C94-8A50EBBDFF95}
		{ABB02D3B-4924-4F29-B13D-AC1E62696FC8} = {ABB02D3B-4924-4F29-B13D-AC1E62696FC8}
		{AC50BED8-F3DA-4399-BC0E-C8F43060BE31} = {AC50BED8-F3DA-4399-BC0E-C8F43060BE31}
		{AD4E7E48-9639-4E3A-B327-ABB50AA6F525} = {AD4E7E48-9639-4E3A-B327-ABB50AA6F525}
		{AE93324E-1BA4-40F2-BF0B-756C1FC42C01} = {AE93324E-1BA4-40F2-BF0B-756C1FC42C01}
		{FB6CA7C2-5FEC-4843-9A92-F15769083223} = {FB6CA7C2-5FEC-4843-9A92-F15769083223}
	EndProjectSection
EndProject
Project("{FAE04EC0-301F-11D3-BF4B-00C04F79EFBC}") = "Sdl.Core.Processing.Alignment.Api", "Sdl.Core.Processing.Alignment.Api\Sdl.Core.Processing.Alignment.Api.csproj", "{A53EE968-F004-4312-A15B-44A82F6A3D3C}"
	ProjectSection(ProjectDependencies) = postProject
		{94EEE2C8-2673-4B10-A024-59CE35284060} = {94EEE2C8-2673-4B10-A024-59CE35284060}
		{AE93324E-1BA4-40F2-BF0B-756C1FC42C01} = {AE93324E-1BA4-40F2-BF0B-756C1FC42C01}
		{EBB3D14C-B471-4C9E-9BBB-83B115EB0991} = {EBB3D14C-B471-4C9E-9BBB-83B115EB0991}
	EndProjectSection
EndProject
Project("{FAE04EC0-301F-11D3-BF4B-00C04F79EFBC}") = "Sdl.Enterprise2.Platform.Contracts", "Sdl.Enterprise2.Platform.Contracts\Sdl.Enterprise2.Platform.Contracts.csproj", "{A530F3F0-02E3-4029-9C2F-10ADC950119D}"
EndProject
Project("{FAE04EC0-301F-11D3-BF4B-00C04F79EFBC}") = "Sdl.Enterprise2.MultiTerm.Client", "Sdl.Enterprise2.MultiTerm.Client\Sdl.Enterprise2.MultiTerm.Client.csproj", "{FD7EDFC5-CD36-47FC-B1CC-62E91A8387A7}"
	ProjectSection(ProjectDependencies) = postProject
		{A530F3F0-02E3-4029-9C2F-10ADC950119D} = {A530F3F0-02E3-4029-9C2F-10ADC950119D}
	EndProjectSection
EndProject
Project("{FAE04EC0-301F-11D3-BF4B-00C04F79EFBC}") = "Sdl.Enterprise2.Studio.Platform.Client", "Sdl.Enterprise2.Studio.Platform.Client\Sdl.Enterprise2.Studio.Platform.Client.csproj", "{2C8507A8-88BA-4825-BEEC-E1E03AC4CA0C}"
EndProject
Project("{FAE04EC0-301F-11D3-BF4B-00C04F79EFBC}") = "Sdl.Core.Bcm.BcmModel", "Sdl.Core.Bcm.BcmModel\Sdl.Core.Bcm.BcmModel.csproj", "{83B16F20-96AA-4E0D-9EC7-F6814742CD14}"
EndProject
Project("{FAE04EC0-301F-11D3-BF4B-00C04F79EFBC}") = "Sdl.FileTypeSupport.Bilingual.SdlXliff", "Sdl.FileTypeSupport.Bilingual.SdlXliff\Sdl.FileTypeSupport.Bilingual.SdlXliff.csproj", "{A2A441AA-5086-4286-B70B-CCE9C1A136EF}"
EndProject
Project("{FAE04EC0-301F-11D3-BF4B-00C04F79EFBC}") = "Sdl.FileTypeSupport.Framework.PreviewControls", "Sdl.FileTypeSupport.Framework.PreviewControls\Sdl.FileTypeSupport.Framework.PreviewControls.csproj", "{75A9BF15-F016-420F-B7D6-D2760944CB25}"
EndProject
Project("{FAE04EC0-301F-11D3-BF4B-00C04F79EFBC}") = "Sdl.Core.Bcm.BcmConverters", "Sdl.Core.Bcm.BcmConverters\Sdl.Core.Bcm.BcmConverters.csproj", "{D9703430-DFAA-47FF-9FB5-8CD183529FE4}"
EndProject
Global
	GlobalSection(SolutionConfigurationPlatforms) = preSolution
		Debug|Any CPU = Debug|Any CPU
		Release|Any CPU = Release|Any CPU
	EndGlobalSection
	GlobalSection(ProjectConfigurationPlatforms) = postSolution
		{6777B61B-660E-41FA-A803-69B22D8B5FB7}.Debug|Any CPU.ActiveCfg = Debug|Any CPU
		{6777B61B-660E-41FA-A803-69B22D8B5FB7}.Debug|Any CPU.Build.0 = Debug|Any CPU
		{6777B61B-660E-41FA-A803-69B22D8B5FB7}.Release|Any CPU.ActiveCfg = Release|Any CPU
		{6777B61B-660E-41FA-A803-69B22D8B5FB7}.Release|Any CPU.Build.0 = Release|Any CPU
		{94EEE2C8-2673-4B10-A024-59CE35284060}.Debug|Any CPU.ActiveCfg = Debug|Any CPU
		{94EEE2C8-2673-4B10-A024-59CE35284060}.Debug|Any CPU.Build.0 = Debug|Any CPU
		{94EEE2C8-2673-4B10-A024-59CE35284060}.Release|Any CPU.ActiveCfg = Release|Any CPU
		{94EEE2C8-2673-4B10-A024-59CE35284060}.Release|Any CPU.Build.0 = Release|Any CPU
		{ABB02D3B-4924-4F29-B13D-AC1E62696FC8}.Debug|Any CPU.ActiveCfg = Debug|Any CPU
		{ABB02D3B-4924-4F29-B13D-AC1E62696FC8}.Debug|Any CPU.Build.0 = Debug|Any CPU
		{ABB02D3B-4924-4F29-B13D-AC1E62696FC8}.Release|Any CPU.ActiveCfg = Release|Any CPU
		{ABB02D3B-4924-4F29-B13D-AC1E62696FC8}.Release|Any CPU.Build.0 = Release|Any CPU
		{9A1BDD78-1A30-464D-A019-83B4FC5ED36D}.Debug|Any CPU.ActiveCfg = Debug|Any CPU
		{9A1BDD78-1A30-464D-A019-83B4FC5ED36D}.Debug|Any CPU.Build.0 = Debug|Any CPU
		{9A1BDD78-1A30-464D-A019-83B4FC5ED36D}.Release|Any CPU.ActiveCfg = Release|Any CPU
		{9A1BDD78-1A30-464D-A019-83B4FC5ED36D}.Release|Any CPU.Build.0 = Release|Any CPU
		{B9A1A97D-E8F6-4034-ACEE-164D62907021}.Debug|Any CPU.ActiveCfg = Debug|Any CPU
		{B9A1A97D-E8F6-4034-ACEE-164D62907021}.Debug|Any CPU.Build.0 = Debug|Any CPU
		{B9A1A97D-E8F6-4034-ACEE-164D62907021}.Release|Any CPU.ActiveCfg = Release|Any CPU
		{B9A1A97D-E8F6-4034-ACEE-164D62907021}.Release|Any CPU.Build.0 = Release|Any CPU
		{7F09162C-0D7A-430F-9D00-51414E30A089}.Debug|Any CPU.ActiveCfg = Debug|Any CPU
		{7F09162C-0D7A-430F-9D00-51414E30A089}.Debug|Any CPU.Build.0 = Debug|Any CPU
		{7F09162C-0D7A-430F-9D00-51414E30A089}.Release|Any CPU.ActiveCfg = Release|Any CPU
		{7F09162C-0D7A-430F-9D00-51414E30A089}.Release|Any CPU.Build.0 = Release|Any CPU
		{732B3798-5E2C-4234-B228-1671E69639C1}.Debug|Any CPU.ActiveCfg = Debug|Any CPU
		{732B3798-5E2C-4234-B228-1671E69639C1}.Debug|Any CPU.Build.0 = Debug|Any CPU
		{732B3798-5E2C-4234-B228-1671E69639C1}.Release|Any CPU.ActiveCfg = Release|Any CPU
		{732B3798-5E2C-4234-B228-1671E69639C1}.Release|Any CPU.Build.0 = Release|Any CPU
		{D5A8143C-698B-4B8D-88B8-47CE92476DCE}.Debug|Any CPU.ActiveCfg = Debug|Any CPU
		{D5A8143C-698B-4B8D-88B8-47CE92476DCE}.Debug|Any CPU.Build.0 = Debug|Any CPU
		{D5A8143C-698B-4B8D-88B8-47CE92476DCE}.Release|Any CPU.ActiveCfg = Release|Any CPU
		{D5A8143C-698B-4B8D-88B8-47CE92476DCE}.Release|Any CPU.Build.0 = Release|Any CPU
		{3D2F8EF7-A42B-4BE0-9355-4D5E82C47BF5}.Debug|Any CPU.ActiveCfg = Debug|Any CPU
		{3D2F8EF7-A42B-4BE0-9355-4D5E82C47BF5}.Debug|Any CPU.Build.0 = Debug|Any CPU
		{3D2F8EF7-A42B-4BE0-9355-4D5E82C47BF5}.Release|Any CPU.ActiveCfg = Release|Any CPU
		{3D2F8EF7-A42B-4BE0-9355-4D5E82C47BF5}.Release|Any CPU.Build.0 = Release|Any CPU
		{22E469DF-FF3C-4DA2-91D7-C1F402B095CA}.Debug|Any CPU.ActiveCfg = Debug|Any CPU
		{22E469DF-FF3C-4DA2-91D7-C1F402B095CA}.Debug|Any CPU.Build.0 = Debug|Any CPU
		{22E469DF-FF3C-4DA2-91D7-C1F402B095CA}.Release|Any CPU.ActiveCfg = Release|Any CPU
		{22E469DF-FF3C-4DA2-91D7-C1F402B095CA}.Release|Any CPU.Build.0 = Release|Any CPU
		{59E89ACC-C474-4F67-A942-F1824634D9C4}.Debug|Any CPU.ActiveCfg = Debug|Any CPU
		{59E89ACC-C474-4F67-A942-F1824634D9C4}.Debug|Any CPU.Build.0 = Debug|Any CPU
		{59E89ACC-C474-4F67-A942-F1824634D9C4}.Release|Any CPU.ActiveCfg = Release|Any CPU
		{59E89ACC-C474-4F67-A942-F1824634D9C4}.Release|Any CPU.Build.0 = Release|Any CPU
		{675467F5-B1D3-4B88-A826-90A8FA65FF88}.Debug|Any CPU.ActiveCfg = Debug|Any CPU
		{675467F5-B1D3-4B88-A826-90A8FA65FF88}.Debug|Any CPU.Build.0 = Debug|Any CPU
		{675467F5-B1D3-4B88-A826-90A8FA65FF88}.Release|Any CPU.ActiveCfg = Release|Any CPU
		{675467F5-B1D3-4B88-A826-90A8FA65FF88}.Release|Any CPU.Build.0 = Release|Any CPU
		{AE93324E-1BA4-40F2-BF0B-756C1FC42C01}.Debug|Any CPU.ActiveCfg = Debug|Any CPU
		{AE93324E-1BA4-40F2-BF0B-756C1FC42C01}.Debug|Any CPU.Build.0 = Debug|Any CPU
		{AE93324E-1BA4-40F2-BF0B-756C1FC42C01}.Release|Any CPU.ActiveCfg = Release|Any CPU
		{AE93324E-1BA4-40F2-BF0B-756C1FC42C01}.Release|Any CPU.Build.0 = Release|Any CPU
		{71ECB17E-AAA8-483C-9956-BF30F208D596}.Debug|Any CPU.ActiveCfg = Debug|Any CPU
		{71ECB17E-AAA8-483C-9956-BF30F208D596}.Debug|Any CPU.Build.0 = Debug|Any CPU
		{71ECB17E-AAA8-483C-9956-BF30F208D596}.Release|Any CPU.ActiveCfg = Release|Any CPU
		{71ECB17E-AAA8-483C-9956-BF30F208D596}.Release|Any CPU.Build.0 = Release|Any CPU
		{AD4E7E48-9639-4E3A-B327-ABB50AA6F525}.Debug|Any CPU.ActiveCfg = Debug|Any CPU
		{AD4E7E48-9639-4E3A-B327-ABB50AA6F525}.Debug|Any CPU.Build.0 = Debug|Any CPU
		{AD4E7E48-9639-4E3A-B327-ABB50AA6F525}.Release|Any CPU.ActiveCfg = Release|Any CPU
		{AD4E7E48-9639-4E3A-B327-ABB50AA6F525}.Release|Any CPU.Build.0 = Release|Any CPU
		{CAAB255F-DA30-4615-AB66-2BA16C271AD1}.Debug|Any CPU.ActiveCfg = Debug|Any CPU
		{CAAB255F-DA30-4615-AB66-2BA16C271AD1}.Debug|Any CPU.Build.0 = Debug|Any CPU
		{CAAB255F-DA30-4615-AB66-2BA16C271AD1}.Release|Any CPU.ActiveCfg = Release|Any CPU
		{CAAB255F-DA30-4615-AB66-2BA16C271AD1}.Release|Any CPU.Build.0 = Release|Any CPU
		{97609707-AC19-4A2B-9C94-8A50EBBDFF95}.Debug|Any CPU.ActiveCfg = Debug|Any CPU
		{97609707-AC19-4A2B-9C94-8A50EBBDFF95}.Debug|Any CPU.Build.0 = Debug|Any CPU
		{97609707-AC19-4A2B-9C94-8A50EBBDFF95}.Release|Any CPU.ActiveCfg = Release|Any CPU
		{97609707-AC19-4A2B-9C94-8A50EBBDFF95}.Release|Any CPU.Build.0 = Release|Any CPU
		{FB6CA7C2-5FEC-4843-9A92-F15769083223}.Debug|Any CPU.ActiveCfg = Debug|Any CPU
		{FB6CA7C2-5FEC-4843-9A92-F15769083223}.Debug|Any CPU.Build.0 = Debug|Any CPU
		{FB6CA7C2-5FEC-4843-9A92-F15769083223}.Release|Any CPU.ActiveCfg = Release|Any CPU
		{FB6CA7C2-5FEC-4843-9A92-F15769083223}.Release|Any CPU.Build.0 = Release|Any CPU
		{F8492590-C93F-40DA-AB99-5A1E1245AEF8}.Debug|Any CPU.ActiveCfg = Debug|Any CPU
		{F8492590-C93F-40DA-AB99-5A1E1245AEF8}.Debug|Any CPU.Build.0 = Debug|Any CPU
		{F8492590-C93F-40DA-AB99-5A1E1245AEF8}.Release|Any CPU.ActiveCfg = Release|Any CPU
		{F8492590-C93F-40DA-AB99-5A1E1245AEF8}.Release|Any CPU.Build.0 = Release|Any CPU
		{B968761C-4C11-447A-AA7C-FC21E132F2C8}.Debug|Any CPU.ActiveCfg = Debug|Any CPU
		{B968761C-4C11-447A-AA7C-FC21E132F2C8}.Debug|Any CPU.Build.0 = Debug|Any CPU
		{B968761C-4C11-447A-AA7C-FC21E132F2C8}.Release|Any CPU.ActiveCfg = Release|Any CPU
		{B968761C-4C11-447A-AA7C-FC21E132F2C8}.Release|Any CPU.Build.0 = Release|Any CPU
		{1B9D3B74-0C71-40C5-B3CF-CF2282CA85EE}.Debug|Any CPU.ActiveCfg = Debug|Any CPU
		{1B9D3B74-0C71-40C5-B3CF-CF2282CA85EE}.Debug|Any CPU.Build.0 = Debug|Any CPU
		{1B9D3B74-0C71-40C5-B3CF-CF2282CA85EE}.Release|Any CPU.ActiveCfg = Release|Any CPU
		{1B9D3B74-0C71-40C5-B3CF-CF2282CA85EE}.Release|Any CPU.Build.0 = Release|Any CPU
		{41BABCEC-0A4A-4BF6-8A95-54ACB507B8FE}.Debug|Any CPU.ActiveCfg = Debug|Any CPU
		{41BABCEC-0A4A-4BF6-8A95-54ACB507B8FE}.Debug|Any CPU.Build.0 = Debug|Any CPU
		{41BABCEC-0A4A-4BF6-8A95-54ACB507B8FE}.Release|Any CPU.ActiveCfg = Release|Any CPU
		{41BABCEC-0A4A-4BF6-8A95-54ACB507B8FE}.Release|Any CPU.Build.0 = Release|Any CPU
		{978E617E-0A66-404D-B40E-89CB02425D58}.Debug|Any CPU.ActiveCfg = Debug|Any CPU
		{978E617E-0A66-404D-B40E-89CB02425D58}.Debug|Any CPU.Build.0 = Debug|Any CPU
		{978E617E-0A66-404D-B40E-89CB02425D58}.Release|Any CPU.ActiveCfg = Release|Any CPU
		{978E617E-0A66-404D-B40E-89CB02425D58}.Release|Any CPU.Build.0 = Release|Any CPU
		{AC50BED8-F3DA-4399-BC0E-C8F43060BE31}.Debug|Any CPU.ActiveCfg = Debug|Any CPU
		{AC50BED8-F3DA-4399-BC0E-C8F43060BE31}.Debug|Any CPU.Build.0 = Debug|Any CPU
		{AC50BED8-F3DA-4399-BC0E-C8F43060BE31}.Release|Any CPU.ActiveCfg = Release|Any CPU
		{AC50BED8-F3DA-4399-BC0E-C8F43060BE31}.Release|Any CPU.Build.0 = Release|Any CPU
		{8D08FAD8-609A-4AA2-8632-8CBF2F92295A}.Debug|Any CPU.ActiveCfg = Debug|Any CPU
		{8D08FAD8-609A-4AA2-8632-8CBF2F92295A}.Debug|Any CPU.Build.0 = Debug|Any CPU
		{8D08FAD8-609A-4AA2-8632-8CBF2F92295A}.Release|Any CPU.ActiveCfg = Release|Any CPU
		{8D08FAD8-609A-4AA2-8632-8CBF2F92295A}.Release|Any CPU.Build.0 = Release|Any CPU
		{EBB3D14C-B471-4C9E-9BBB-83B115EB0991}.Debug|Any CPU.ActiveCfg = Debug|Any CPU
		{EBB3D14C-B471-4C9E-9BBB-83B115EB0991}.Debug|Any CPU.Build.0 = Debug|Any CPU
		{EBB3D14C-B471-4C9E-9BBB-83B115EB0991}.Release|Any CPU.ActiveCfg = Release|Any CPU
		{EBB3D14C-B471-4C9E-9BBB-83B115EB0991}.Release|Any CPU.Build.0 = Release|Any CPU
		{A53EE968-F004-4312-A15B-44A82F6A3D3C}.Debug|Any CPU.ActiveCfg = Debug|Any CPU
		{A53EE968-F004-4312-A15B-44A82F6A3D3C}.Debug|Any CPU.Build.0 = Debug|Any CPU
		{A53EE968-F004-4312-A15B-44A82F6A3D3C}.Release|Any CPU.ActiveCfg = Release|Any CPU
		{A53EE968-F004-4312-A15B-44A82F6A3D3C}.Release|Any CPU.Build.0 = Release|Any CPU
		{A530F3F0-02E3-4029-9C2F-10ADC950119D}.Debug|Any CPU.ActiveCfg = Debug|Any CPU
		{A530F3F0-02E3-4029-9C2F-10ADC950119D}.Debug|Any CPU.Build.0 = Debug|Any CPU
		{A530F3F0-02E3-4029-9C2F-10ADC950119D}.Release|Any CPU.ActiveCfg = Release|Any CPU
		{A530F3F0-02E3-4029-9C2F-10ADC950119D}.Release|Any CPU.Build.0 = Release|Any CPU
		{FD7EDFC5-CD36-47FC-B1CC-62E91A8387A7}.Debug|Any CPU.ActiveCfg = Debug|Any CPU
		{FD7EDFC5-CD36-47FC-B1CC-62E91A8387A7}.Debug|Any CPU.Build.0 = Debug|Any CPU
		{FD7EDFC5-CD36-47FC-B1CC-62E91A8387A7}.Release|Any CPU.ActiveCfg = Release|Any CPU
		{FD7EDFC5-CD36-47FC-B1CC-62E91A8387A7}.Release|Any CPU.Build.0 = Release|Any CPU
		{2C8507A8-88BA-4825-BEEC-E1E03AC4CA0C}.Debug|Any CPU.ActiveCfg = Debug|Any CPU
		{2C8507A8-88BA-4825-BEEC-E1E03AC4CA0C}.Debug|Any CPU.Build.0 = Debug|Any CPU
		{2C8507A8-88BA-4825-BEEC-E1E03AC4CA0C}.Release|Any CPU.ActiveCfg = Release|Any CPU
		{2C8507A8-88BA-4825-BEEC-E1E03AC4CA0C}.Release|Any CPU.Build.0 = Release|Any CPU
		{83B16F20-96AA-4E0D-9EC7-F6814742CD14}.Debug|Any CPU.ActiveCfg = Debug|Any CPU
		{83B16F20-96AA-4E0D-9EC7-F6814742CD14}.Debug|Any CPU.Build.0 = Debug|Any CPU
		{83B16F20-96AA-4E0D-9EC7-F6814742CD14}.Release|Any CPU.ActiveCfg = Release|Any CPU
		{83B16F20-96AA-4E0D-9EC7-F6814742CD14}.Release|Any CPU.Build.0 = Release|Any CPU
		{A2A441AA-5086-4286-B70B-CCE9C1A136EF}.Debug|Any CPU.ActiveCfg = Debug|Any CPU
		{A2A441AA-5086-4286-B70B-CCE9C1A136EF}.Debug|Any CPU.Build.0 = Debug|Any CPU
		{A2A441AA-5086-4286-B70B-CCE9C1A136EF}.Release|Any CPU.ActiveCfg = Release|Any CPU
		{A2A441AA-5086-4286-B70B-CCE9C1A136EF}.Release|Any CPU.Build.0 = Release|Any CPU
		{75A9BF15-F016-420F-B7D6-D2760944CB25}.Debug|Any CPU.ActiveCfg = Debug|Any CPU
		{75A9BF15-F016-420F-B7D6-D2760944CB25}.Debug|Any CPU.Build.0 = Debug|Any CPU
		{75A9BF15-F016-420F-B7D6-D2760944CB25}.Release|Any CPU.ActiveCfg = Release|Any CPU
		{75A9BF15-F016-420F-B7D6-D2760944CB25}.Release|Any CPU.Build.0 = Release|Any CPU
		{D9703430-DFAA-47FF-9FB5-8CD183529FE4}.Debug|Any CPU.ActiveCfg = Debug|Any CPU
		{D9703430-DFAA-47FF-9FB5-8CD183529FE4}.Debug|Any CPU.Build.0 = Debug|Any CPU
		{D9703430-DFAA-47FF-9FB5-8CD183529FE4}.Release|Any CPU.ActiveCfg = Release|Any CPU
		{D9703430-DFAA-47FF-9FB5-8CD183529FE4}.Release|Any CPU.Build.0 = Release|Any CPU
	EndGlobalSection
	GlobalSection(SolutionProperties) = preSolution
		HideSolutionNode = FALSE
	EndGlobalSection
EndGlobal
